{
  "name": "phase-4-deploying-app-demo",
  "requires": true,
  "lockfileVersion": 1,
  "dependencies": {
    "react-loading": {
      "version": "2.0.3",
      "resolved": "https://registry.npmjs.org/react-loading/-/react-loading-2.0.3.tgz",
      "integrity": "sha512-Vdqy79zq+bpeWJqC+xjltUjuGApyoItPgL0vgVfcJHhqwU7bAMKzysfGW/ADu6i0z0JiOCRJjo+IkFNkRNbA3A=="
    }
  }
}
