# THIS IS AN AUTOGENERATED FILE. DO NOT EDIT THIS FILE DIRECTLY.
# yarn lockfile v1


"@babel/runtime@^7.7.6":
  version "7.16.3"
  resolved "https://registry.yarnpkg.com/@babel/runtime/-/runtime-7.16.3.tgz#b86f0db02a04187a3c17caa77de69840165d42d5"
  integrity sha512-WBwekcqacdY2e9AF/Q7WLFUWmdJGJTkbjqTjoMDgXkVZ3ZRUvOPsLb5KdwISoQVsbP+DQzVZW4Zhci0DvpbNTQ==
  dependencies:
    regenerator-runtime "^0.13.4"

history@^5.1.0:
  version "5.1.0"
  resolved "https://registry.yarnpkg.com/history/-/history-5.1.0.tgz#2e93c09c064194d38d52ed62afd0afc9d9b01ece"
  integrity sha512-zPuQgPacm2vH2xdORvGGz1wQMuHSIB56yNAy5FnLuwOwgSYyPKptJtcMm6Ev+hRGeS+GzhbmRacHzvlESbFwDg==
  dependencies:
    "@babel/runtime" "^7.7.6"

react-router-dom@^6.0.2:
  version "6.0.2"
  resolved "https://registry.yarnpkg.com/react-router-dom/-/react-router-dom-6.0.2.tgz#860cefa697b9d4965eced3f91e82cdbc5995f3ad"
  integrity sha512-cOpJ4B6raFutr0EG8O/M2fEoyQmwvZWomf1c6W2YXBZuFBx8oTk/zqjXghwScyhfrtnt0lANXV2182NQblRxFA==
  dependencies:
    history "^5.1.0"
    react-router "6.0.2"

react-router@6.0.2, react-router@^6.0.2:
  version "6.0.2"
  resolved "https://registry.yarnpkg.com/react-router/-/react-router-6.0.2.tgz#bd2b0fa84fd1d152671e9f654d9c0b1f5a7c86da"
  integrity sha512-8/Wm3Ed8t7TuedXjAvV39+c8j0vwrI5qVsYqjFr5WkJjsJpEvNSoLRUbtqSEYzqaTUj1IV+sbPJxvO+accvU0Q==
  dependencies:
    history "^5.1.0"

regenerator-runtime@^0.13.4:
  version "0.13.9"
  resolved "https://registry.yarnpkg.com/regenerator-runtime/-/regenerator-runtime-0.13.9.tgz#8925742a98ffd90814988d7566ad30ca3b263b52"
  integrity sha512-p3VT+cOEgxFsRRA9X4lkI1E+k2/CtnKtU4gcxyaCUreilL/vqI6CdZ3wxVUx3UOUg+gnUOQQcRI7BmSI656MYA==
